// !$*UTF8*$!
{
	archiveVersion = 1;
	classes = {
	};
	objectVersion = 46;
	objects = {

/* Begin PBXBuildFile section */
		3ABD9FD71ED40C3D007E2873 /* AppDelegate.swift in Sources */ = {isa = PBXBuildFile; fileRef = 3ABD9FD61ED40C3D007E2873 /* AppDelegate.swift */; };
		3ABD9FD91ED40C3D007E2873 /* ViewController.swift in Sources */ = {isa = PBXBuildFile; fileRef = 3ABD9FD81ED40C3D007E2873 /* ViewController.swift */; };
		3ABD9FDC1ED40C3D007E2873 /* Main.storyboard in Resources */ = {isa = PBXBuildFile; fileRef = 3ABD9FDA1ED40C3D007E2873 /* Main.storyboard */; };
		3ABD9FDE1ED40C3D007E2873 /* Assets.xcassets in Resources */ = {isa = PBXBuildFile; fileRef = 3ABD9FDD1ED40C3D007E2873 /* Assets.xcassets */; };
		3ABD9FE11ED40C3D007E2873 /* LaunchScreen.storyboard in Resources */ = {isa = PBXBuildFile; fileRef = 3ABD9FDF1ED40C3D007E2873 /* LaunchScreen.storyboard */; };
		3AEB43861F49E182003DCB77 /* Logger.swift in Sources */ = {isa = PBXBuildFile; fileRef = 3AEB43851F49E182003DCB77 /* Logger.swift */; };
		3AEB43881F49E1B0003DCB77 /* StringUtils.swift in Sources */ = {isa = PBXBuildFile; fileRef = 3AEB43871F49E1B0003DCB77 /* StringUtils.swift */; };
/* End PBXBuildFile section */

/* Begin PBXFileReference section */
		3ABD9FD31ED40C3D007E2873 /* Example.app */ = {isa = PBXFileReference; explicitFileType = wrapper.application; includeInIndex = 0; path = Example.app; sourceTree = BUILT_PRODUCTS_DIR; };
		3ABD9FD61ED40C3D007E2873 /* AppDelegate.swift */ = {isa = PBXFileReference; lastKnownFileType = sourcecode.swift; path = AppDelegate.swift; sourceTree = "<group>"; };
		3ABD9FD81ED40C3D007E2873 /* ViewController.swift */ = {isa = PBXFileReference; lastKnownFileType = sourcecode.swift; path = ViewController.swift; sourceTree = "<group>"; };
		3ABD9FDB1ED40C3D007E2873 /* Base */ = {isa = PBXFileReference; lastKnownFileType = file.storyboard; name = Base; path = Base.lproj/Main.storyboard; sourceTree = "<group>"; };
		3ABD9FDD1ED40C3D007E2873 /* Assets.xcassets */ = {isa = PBXFileReference; lastKnownFileType = folder.assetcatalog; path = Assets.xcassets; sourceTree = "<group>"; };
		3ABD9FE01ED40C3D007E2873 /* Base */ = {isa = PBXFileReference; lastKnownFileType = file.storyboard; name = Base; path = Base.lproj/LaunchScreen.storyboard; sourceTree = "<group>"; };
		3ABD9FE21ED40C3D007E2873 /* Info.plist */ = {isa = PBXFileReference; lastKnownFileType = text.plist.xml; path = Info.plist; sourceTree = "<group>"; };
		3AEB43851F49E182003DCB77 /* Logger.swift */ = {isa = PBXFileReference; fileEncoding = 4; lastKnownFileType = sourcecode.swift; path = Logger.swift; sourceTree = "<group>"; };
		3AEB43871F49E1B0003DCB77 /* StringUtils.swift */ = {isa = PBXFileReference; fileEncoding = 4; lastKnownFileType = sourcecode.swift; path = StringUtils.swift; sourceTree = "<group>"; };
/* End PBXFileReference section */

/* Begin PBXFrameworksBuildPhase section */
		3ABD9FD01ED40C3D007E2873 /* Frameworks */ = {
			isa = PBXFrameworksBuildPhase;
			buildActionMask = 2147483647;
			files = (
			);
			runOnlyForDeploymentPostprocessing = 0;
		};
/* End PBXFrameworksBuildPhase section */

/* Begin PBXGroup section */
		3ABD9FCA1ED40C3D007E2873 = {
			isa = PBXGroup;
			children = (
				3ABD9FD51ED40C3D007E2873 /* Example */,
				3ABD9FD41ED40C3D007E2873 /* Products */,
			);
			sourceTree = "<group>";
		};
		3ABD9FD41ED40C3D007E2873 /* Products */ = {
			isa = PBXGroup;
			children = (
				3ABD9FD31ED40C3D007E2873 /* Example.app */,
			);
			name = Products;
			sourceTree = "<group>";
		};
		3ABD9FD51ED40C3D007E2873 /* Example */ = {
			isa = PBXGroup;
			children = (
				3AEB43871F49E1B0003DCB77 /* StringUtils.swift */,
				3AEB43851F49E182003DCB77 /* Logger.swift */,
				3ABD9FD61ED40C3D007E2873 /* AppDelegate.swift */,
				3ABD9FD81ED40C3D007E2873 /* ViewController.swift */,
				3ABD9FDA1ED40C3D007E2873 /* Main.storyboard */,
				3ABD9FDD1ED40C3D007E2873 /* Assets.xcassets */,
				3ABD9FDF1ED40C3D007E2873 /* LaunchScreen.storyboard */,
				3ABD9FE21ED40C3D007E2873 /* Info.plist */,
			);
			path = Example;
			sourceTree = "<group>";
		};
/* End PBXGroup section */

/* Begin PBXNativeTarget section */
		3ABD9FD21ED40C3D007E2873 /* Example */ = {
			isa = PBXNativeTarget;
			buildConfigurationList = 3ABD9FE51ED40C3D007E2873 /* Build configuration list for PBXNativeTarget "Example" */;
			buildPhases = (
				3ABD9FCF1ED40C3D007E2873 /* Sources */,
				3ABD9FD01ED40C3D007E2873 /* Frameworks */,
				3ABD9FD11ED40C3D007E2873 /* Resources */,
			);
			buildRules = (
			);
			dependencies = (
			);
			name = Example;
			productName = Console;
			productReference = 3ABD9FD31ED40C3D007E2873 /* Example.app */;
			productType = "com.apple.product-type.application";
		};
/* End PBXNativeTarget section */

/* Begin PBXProject section */
		3ABD9FCB1ED40C3D007E2873 /* Project object */ = {
			isa = PBXProject;
			attributes = {
				LastSwiftUpdateCheck = 0830;
				LastUpgradeCheck = 0900;
				ORGANIZATIONNAME = ING;
				TargetAttributes = {
					3ABD9FD21ED40C3D007E2873 = {
						CreatedOnToolsVersion = 8.3.2;
						DevelopmentTeam = PPSF6CNP8Q;
						ProvisioningStyle = Automatic;
					};
				};
			};
			buildConfigurationList = 3ABD9FCE1ED40C3D007E2873 /* Build configuration list for PBXProject "Example" */;
			compatibilityVersion = "Xcode 3.2";
			developmentRegion = English;
			hasScannedForEncodings = 0;
			knownRegions = (
				en,
				Base,
			);
			mainGroup = 3ABD9FCA1ED40C3D007E2873;
			productRefGroup = 3ABD9FD41ED40C3D007E2873 /* Products */;
			projectDirPath = "";
			projectRoot = "";
			targets = (
				3ABD9FD21ED40C3D007E2873 /* Example */,
			);
		};
/* End PBXProject section */

/* Begin PBXResourcesBuildPhase section */
		3ABD9FD11ED40C3D007E2873 /* Resources */ = {
			isa = PBXResourcesBuildPhase;
			buildActionMask = 2147483647;
			files = (
				3ABD9FE11ED40C3D007E2873 /* LaunchScreen.storyboard in Resources */,
				3ABD9FDE1ED40C3D007E2873 /* Assets.xcassets in Resources */,
				3ABD9FDC1ED40C3D007E2873 /* Main.storyboard in Resources */,
			);
			runOnlyForDeploymentPostprocessing = 0;
		};
/* End PBXResourcesBuildPhase section */

/* Begin PBXSourcesBuildPhase section */
		3ABD9FCF1ED40C3D007E2873 /* Sources */ = {
			isa = PBXSourcesBuildPhase;
			buildActionMask = 2147483647;
			files = (
				3AEB43881F49E1B0003DCB77 /* StringUtils.swift in Sources */,
				3ABD9FD91ED40C3D007E2873 /* ViewController.swift in Sources */,
				3AEB43861F49E182003DCB77 /* Logger.swift in Sources */,
				3ABD9FD71ED40C3D007E2873 /* AppDelegate.swift in Sources */,
			);
			runOnlyForDeploymentPostprocessing = 0;
		};
/* End PBXSourcesBuildPhase section */

/* Begin PBXVariantGroup section */
		3ABD9FDA1ED40C3D007E2873 /* Main.storyboard */ = {
			isa = PBXVariantGroup;
			children = (
				3ABD9FDB1ED40C3D007E2873 /* Base */,
			);
			name = Main.storyboard;
			sourceTree = "<group>";
		};
		3ABD9FDF1ED40C3D007E2873 /* LaunchScreen.storyboard */ = {
			isa = PBXVariantGroup;
			children = (
				3ABD9FE01ED40C3D007E2873 /* Base */,
			);
			name = LaunchScreen.storyboard;
			sourceTree = "<group>";
		};
/* End PBXVariantGroup section */

/* Begin XCBuildConfiguration section */
		3ABD9FE31ED40C3D007E2873 /* Debug */ = {
			isa = XCBuildConfiguration;
			buildSettings = {
				ALWAYS_SEARCH_USER_PATHS = NO;
				CLANG_ANALYZER_NONNULL = YES;
				CLANG_ANALYZER_NUMBER_OBJECT_CONVERSION = YES_AGGRESSIVE;
				CLANG_CXX_LANGUAGE_STANDARD = "gnu++0x";
				CLANG_CXX_LIBRARY = "libc++";
				CLANG_ENABLE_MODULES = YES;
				CLANG_ENABLE_OBJC_ARC = YES;
				CLANG_WARN_BLOCK_CAPTURE_AUTORELEASING = YES;
				CLANG_WARN_BOOL_CONVERSION = YES;
				CLANG_WARN_COMMA = YES;
				CLANG_WARN_CONSTANT_CONVERSION = YES;
				CLANG_WARN_DIRECT_OBJC_ISA_USAGE = YES_ERROR;
				CLANG_WARN_DOCUMENTATION_COMMENTS = YES;
				CLANG_WARN_EMPTY_BODY = YES;
				CLANG_WARN_ENUM_CONVERSION = YES;
				CLANG_WARN_INFINITE_RECURSION = YES;
				CLANG_WARN_INT_CONVERSION = YES;
				CLANG_WARN_NON_LITERAL_NULL_CONVERSION = YES;
				CLANG_WARN_OBJC_LITERAL_CONVERSION = YES;
				CLANG_WARN_OBJC_ROOT_CLASS = YES_ERROR;
				CLANG_WARN_RANGE_LOOP_ANALYSIS = YES;
				CLANG_WARN_STRICT_PROTOTYPES = YES;
				CLANG_WARN_SUSPICIOUS_MOVE = YES;
				CLANG_WARN_UNREACHABLE_CODE = YES;
				CLANG_WARN__DUPLICATE_METHOD_MATCH = YES;
				"CODE_SIGN_IDENTITY[sdk=iphoneos*]" = "iPhone Developer";
				COPY_PHASE_STRIP = NO;
				DEBUG_INFORMATION_FORMAT = dwarf;
				ENABLE_STRICT_OBJC_MSGSEND = YES;
				ENABLE_TESTABILITY = YES;
				GCC_C_LANGUAGE_STANDARD = gnu99;
				GCC_DYNAMIC_NO_PIC = NO;
				GCC_NO_COMMON_BLOCKS = YES;
				GCC_OPTIMIZATION_LEVEL = 0;
				GCC_PREPROCESSOR_DEFINITIONS = (
					"DEBUG=1",
					"$(inherited)",
				);
				GCC_WARN_64_TO_32_BIT_CONVERSION = YES;
				GCC_WARN_ABOUT_RETURN_TYPE = YES_ERROR;
				GCC_WARN_UNDECLARED_SELECTOR = YES;
				GCC_WARN_UNINITIALIZED_AUTOS = YES_AGGRESSIVE;
				GCC_WARN_UNUSED_FUNCTION = YES;
				GCC_WARN_UNUSED_VARIABLE = YES;
				IPHONEOS_DEPLOYMENT_TARGET = 10.3;
				MTL_ENABLE_DEBUG_INFO = YES;
				ONLY_ACTIVE_ARCH = YES;
				SDKROOT = iphoneos;
				SWIFT_ACTIVE_COMPILATION_CONDITIONS = DEBUG;
				SWIFT_OPTIMIZATION_LEVEL = "-Onone";
				TARGETED_DEVICE_FAMILY = "1,2";
			};
			name = Debug;
		};
		3ABD9FE41ED40C3D007E2873 /* Release */ = {
			isa = XCBuildConfiguration;
			buildSettings = {
				ALWAYS_SEARCH_USER_PATHS = NO;
				CLANG_ANALYZER_NONNULL = YES;
				CLANG_ANALYZER_NUMBER_OBJECT_CONVERSION = YES_AGGRESSIVE;
				CLANG_CXX_LANGUAGE_STANDARD = "gnu++0x";
				CLANG_CXX_LIBRARY = "libc++";
				CLANG_ENABLE_MODULES = YES;
				CLANG_ENABLE_OBJC_ARC = YES;
				CLANG_WARN_BLOCK_CAPTURE_AUTORELEASING = YES;
				CLANG_WARN_BOOL_CONVERSION = YES;
				CLANG_WARN_COMMA = YES;
				CLANG_WARN_CONSTANT_CONVERSION = YES;
				CLANG_WARN_DIRECT_OBJC_ISA_USAGE = YES_ERROR;
				CLANG_WARN_DOCUMENTATION_COMMENTS = YES;
				CLANG_WARN_EMPTY_BODY = YES;
				CLANG_WARN_ENUM_CONVERSION = YES;
				CLANG_WARN_INFINITE_RECURSION = YES;
				CLANG_WARN_INT_CONVERSION = YES;
				CLANG_WARN_NON_LITERAL_NULL_CONVERSION = YES;
				CLANG_WARN_OBJC_LITERAL_CONVERSION = YES;
				CLANG_WARN_OBJC_ROOT_CLASS = YES_ERROR;
				CLANG_WARN_RANGE_LOOP_ANALYSIS = YES;
				CLANG_WARN_STRICT_PROTOTYPES = YES;
				CLANG_WARN_SUSPICIOUS_MOVE = YES;
				CLANG_WARN_UNREACHABLE_CODE = YES;
				CLANG_WARN__DUPLICATE_METHOD_MATCH = YES;
				"CODE_SIGN_IDENTITY[sdk=iphoneos*]" = "iPhone Developer";
				COPY_PHASE_STRIP = NO;
				DEBUG_INFORMATION_FORMAT = "dwarf-with-dsym";
				ENABLE_NS_ASSERTIONS = NO;
				ENABLE_STRICT_OBJC_MSGSEND = YES;
				GCC_C_LANGUAGE_STANDARD = gnu99;
				GCC_NO_COMMON_BLOCKS = YES;
				GCC_WARN_64_TO_32_BIT_CONVERSION = YES;
				GCC_WARN_ABOUT_RETURN_TYPE = YES_ERROR;
				GCC_WARN_UNDECLARED_SELECTOR = YES;
				GCC_WARN_UNINITIALIZED_AUTOS = YES_AGGRESSIVE;
				GCC_WARN_UNUSED_FUNCTION = YES;
				GCC_WARN_UNUSED_VARIABLE = YES;
				IPHONEOS_DEPLOYMENT_TARGET = 10.3;
				MTL_ENABLE_DEBUG_INFO = NO;
				SDKROOT = iphoneos;
				SWIFT_OPTIMIZATION_LEVEL = "-Owholemodule";
				TARGETED_DEVICE_FAMILY = "1,2";
				VALIDATE_PRODUCT = YES;
			};
			name = Release;
		};
		3ABD9FE61ED40C3D007E2873 /* Debug */ = {
			isa = XCBuildConfiguration;
			buildSettings = {
				ASSETCATALOG_COMPILER_APPICON_NAME = AppIcon;
				DEVELOPMENT_TEAM = PPSF6CNP8Q;
				INFOPLIST_FILE = "$(SRCROOT)/Example/Info.plist";
				LD_RUNPATH_SEARCH_PATHS = "$(inherited) @executable_path/Frameworks";
				PRODUCT_BUNDLE_IDENTIFIER = es.com.jano.twyp.Example;
				PRODUCT_NAME = "$(TARGET_NAME)";
				SWIFT_VERSION = 4.0;
			};
			name = Debug;
		};
		3ABD9FE71ED40C3D007E2873 /* Release */ = {
			isa = XCBuildConfiguration;
			buildSettings = {
				ASSETCATALOG_COMPILER_APPICON_NAME = AppIcon;
				DEVELOPMENT_TEAM = PPSF6CNP8Q;
				INFOPLIST_FILE = "$(SRCROOT)/Example/Info.plist";
				LD_RUNPATH_SEARCH_PATHS = "$(inherited) @executable_path/Frameworks";
				PRODUCT_BUNDLE_IDENTIFIER = es.com.jano.twyp.Example;
				PRODUCT_NAME = "$(TARGET_NAME)";
				SWIFT_VERSION = 4.0;
			};
			name = Release;
		};
/* End XCBuildConfiguration section */

/* Begin XCConfigurationList section */
		3ABD9FCE1ED40C3D007E2873 /* Build configuration list for PBXProject "Example" */ = {
			isa = XCConfigurationList;
			buildConfigurations = (
				3ABD9FE31ED40C3D007E2873 /* Debug */,
				3ABD9FE41ED40C3D007E2873 /* Release */,
			);
			defaultConfigurationIsVisible = 0;
			defaultConfigurationName = Release;
		};
		3ABD9FE51ED40C3D007E2873 /* Build configuration list for PBXNativeTarget "Example" */ = {
			isa = XCConfigurationList;
			buildConfigurations = (
				3ABD9FE61ED40C3D007E2873 /* Debug */,
				3ABD9FE71ED40C3D007E2873 /* Release */,
			);
			defaultConfigurationIsVisible = 0;
			defaultConfigurationName = Release;
		};
/* End XCConfigurationList section */
	};
	rootObject = 3ABD9FCB1ED40C3D007E2873 /* Project object */;
}
